
Microsoft Visual Studio Solution File, Format Version 12.00
# Visual Studio Version 16
VisualStudioVersion = 16.0.31424.327
MinimumVisualStudioVersion = 10.0.40219.1
Project("{FAE04EC0-301F-11D3-BF4B-00C04F79EFBC}") = "Sudoku_v.1.0", "Sudoku_v.1.0.csproj", "{AFEFA956-CB9B-4778-80B7-CA3F8E674EEF}"
EndProject
Global
	GlobalSection(SolutionConfigurationPlatforms) = preSolution
		Debug|Any CPU = Debug|Any CPU
		Release|Any CPU = Release|Any CPU
	EndGlobalSection
	GlobalSection(ProjectConfigurationPlatforms) = postSolution
		{AFEFA956-CB9B-4778-80B7-CA3F8E674EEF}.Debug|Any CPU.ActiveCfg = Debug|Any CPU
		{AFEFA956-CB9B-4778-80B7-CA3F8E674EEF}.Debug|Any CPU.Build.0 = Debug|Any CPU
		{AFEFA956-CB9B-4778-80B7-CA3F8E674EEF}.Release|Any CPU.ActiveCfg = Release|Any CPU
		{AFEFA956-CB9B-4778-80B7-CA3F8E674EEF}.Release|Any CPU.Build.0 = Release|Any CPU
	EndGlobalSection
	GlobalSection(SolutionProperties) = preSolution
		HideSolutionNode = FALSE
	EndGlobalSection
	GlobalSection(ExtensibilityGlobals) = postSolution
		SolutionGuid = {91BC123C-1A88-4E2E-8A60-5CFD144E765C}
	EndGlobalSection
EndGlobal
